
Microsoft Visual Studio Solution File, Format Version 12.00
# Visual Studio Version 17
VisualStudioVersion = 17.3.32922.545
MinimumVisualStudioVersion = 10.0.40219.1
Project("{FAE04EC0-301F-11D3-BF4B-00C04F79EFBC}") = "PrimeraApp", "PrimeraApp\PrimeraApp.csproj", "{E78BDC95-23C1-4A54-A613-20986E88D29D}"
EndProject
Global
	GlobalSection(SolutionConfigurationPlatforms) = preSolution
		Debug|Any CPU = Debug|Any CPU
		Release|Any CPU = Release|Any CPU
	EndGlobalSection
	GlobalSection(ProjectConfigurationPlatforms) = postSolution
		{E78BDC95-23C1-4A54-A613-20986E88D29D}.Debug|Any CPU.ActiveCfg = Debug|Any CPU
		{E78BDC95-23C1-4A54-A613-20986E88D29D}.Debug|Any CPU.Build.0 = Debug|Any CPU
		{E78BDC95-23C1-4A54-A613-20986E88D29D}.Release|Any CPU.ActiveCfg = Release|Any CPU
		{E78BDC95-23C1-4A54-A613-20986E88D29D}.Release|Any CPU.Build.0 = Release|Any CPU
	EndGlobalSection
	GlobalSection(SolutionProperties) = preSolution
		HideSolutionNode = FALSE
	EndGlobalSection
	GlobalSection(ExtensibilityGlobals) = postSolution
		SolutionGuid = {69CA9E77-EAC4-4F98-B058-682D703EE95E}
	EndGlobalSection
EndGlobal
