
Microsoft Visual Studio Solution File, Format Version 12.00
# Visual Studio Version 17
VisualStudioVersion = 17.3.32922.545
MinimumVisualStudioVersion = 10.0.40219.1
Project("{FAE04EC0-301F-11D3-BF4B-00C04F79EFBC}") = "Funciones", "Funciones\Funciones.csproj", "{F053FDC8-5BDF-47B6-AFB9-EDB0AE048957}"
EndProject
Project("{FAE04EC0-301F-11D3-BF4B-00C04F79EFBC}") = "Persona", "Persona\Persona.csproj", "{E2DF01B3-13A0-414B-BC88-0EAA20265904}"
EndProject
Project("{FAE04EC0-301F-11D3-BF4B-00C04F79EFBC}") = "3.4 Trabajos", "3.4 Trabajos\3.4 Trabajos.csproj", "{337AE463-C413-480E-8639-B44266C15FDA}"
EndProject
Project("{FAE04EC0-301F-11D3-BF4B-00C04F79EFBC}") = "3.6 Concatena", "3.6 Concatena\3.6 Concatena.csproj", "{C8AE476B-F5B8-4675-98E2-A65B7A56E555}"
EndProject
Project("{FAE04EC0-301F-11D3-BF4B-00C04F79EFBC}") = "3.7 Estadistica", "3.7 Estadistica\3.7 Estadistica.csproj", "{6AC31D8A-085A-4667-84BE-4A9D5FD97F0A}"
EndProject
Global
	GlobalSection(SolutionConfigurationPlatforms) = preSolution
		Debug|Any CPU = Debug|Any CPU
		Release|Any CPU = Release|Any CPU
	EndGlobalSection
	GlobalSection(ProjectConfigurationPlatforms) = postSolution
		{F053FDC8-5BDF-47B6-AFB9-EDB0AE048957}.Debug|Any CPU.ActiveCfg = Debug|Any CPU
		{F053FDC8-5BDF-47B6-AFB9-EDB0AE048957}.Debug|Any CPU.Build.0 = Debug|Any CPU
		{F053FDC8-5BDF-47B6-AFB9-EDB0AE048957}.Release|Any CPU.ActiveCfg = Release|Any CPU
		{F053FDC8-5BDF-47B6-AFB9-EDB0AE048957}.Release|Any CPU.Build.0 = Release|Any CPU
		{E2DF01B3-13A0-414B-BC88-0EAA20265904}.Debug|Any CPU.ActiveCfg = Debug|Any CPU
		{E2DF01B3-13A0-414B-BC88-0EAA20265904}.Debug|Any CPU.Build.0 = Debug|Any CPU
		{E2DF01B3-13A0-414B-BC88-0EAA20265904}.Release|Any CPU.ActiveCfg = Release|Any CPU
		{E2DF01B3-13A0-414B-BC88-0EAA20265904}.Release|Any CPU.Build.0 = Release|Any CPU
		{337AE463-C413-480E-8639-B44266C15FDA}.Debug|Any CPU.ActiveCfg = Debug|Any CPU
		{337AE463-C413-480E-8639-B44266C15FDA}.Debug|Any CPU.Build.0 = Debug|Any CPU
		{337AE463-C413-480E-8639-B44266C15FDA}.Release|Any CPU.ActiveCfg = Release|Any CPU
		{337AE463-C413-480E-8639-B44266C15FDA}.Release|Any CPU.Build.0 = Release|Any CPU
		{C8AE476B-F5B8-4675-98E2-A65B7A56E555}.Debug|Any CPU.ActiveCfg = Debug|Any CPU
		{C8AE476B-F5B8-4675-98E2-A65B7A56E555}.Debug|Any CPU.Build.0 = Debug|Any CPU
		{C8AE476B-F5B8-4675-98E2-A65B7A56E555}.Release|Any CPU.ActiveCfg = Release|Any CPU
		{C8AE476B-F5B8-4675-98E2-A65B7A56E555}.Release|Any CPU.Build.0 = Release|Any CPU
		{6AC31D8A-085A-4667-84BE-4A9D5FD97F0A}.Debug|Any CPU.ActiveCfg = Debug|Any CPU
		{6AC31D8A-085A-4667-84BE-4A9D5FD97F0A}.Debug|Any CPU.Build.0 = Debug|Any CPU
		{6AC31D8A-085A-4667-84BE-4A9D5FD97F0A}.Release|Any CPU.ActiveCfg = Release|Any CPU
		{6AC31D8A-085A-4667-84BE-4A9D5FD97F0A}.Release|Any CPU.Build.0 = Release|Any CPU
	EndGlobalSection
	GlobalSection(SolutionProperties) = preSolution
		HideSolutionNode = FALSE
	EndGlobalSection
	GlobalSection(ExtensibilityGlobals) = postSolution
		SolutionGuid = {DEE2FE60-2011-4C8C-933D-88D6DB22FDE0}
	EndGlobalSection
EndGlobal
